
Microsoft Visual Studio Solution File, Format Version 12.00
# Visual Studio Version 16
VisualStudioVersion = 16.0.31624.102
MinimumVisualStudioVersion = 10.0.40219.1
Project("{FAE04EC0-301F-11D3-BF4B-00C04F79EFBC}") = "WindowsFormsApp2", "WindowsFormsApp2.csproj", "{DACC2D67-2913-4805-A248-19E5E3E8FA65}"
EndProject
Global
	GlobalSection(SolutionConfigurationPlatforms) = preSolution
		Debug|Any CPU = Debug|Any CPU
		Release|Any CPU = Release|Any CPU
	EndGlobalSection
	GlobalSection(ProjectConfigurationPlatforms) = postSolution
		{DACC2D67-2913-4805-A248-19E5E3E8FA65}.Debug|Any CPU.ActiveCfg = Debug|Any CPU
		{DACC2D67-2913-4805-A248-19E5E3E8FA65}.Debug|Any CPU.Build.0 = Debug|Any CPU
		{DACC2D67-2913-4805-A248-19E5E3E8FA65}.Release|Any CPU.ActiveCfg = Release|Any CPU
		{DACC2D67-2913-4805-A248-19E5E3E8FA65}.Release|Any CPU.Build.0 = Release|Any CPU
	EndGlobalSection
	GlobalSection(SolutionProperties) = preSolution
		HideSolutionNode = FALSE
	EndGlobalSection
	GlobalSection(ExtensibilityGlobals) = postSolution
		SolutionGuid = {95ED85C3-B05B-4E6C-B10C-7627AD92DEB7}
	EndGlobalSection
EndGlobal
